# This file is automatically @generated by Cargo.
# It is not intended for manual editing.
version = 4

[[package]]
name = "kernel-aggregate"
version = "0.1.0"

[[package]]
name = "kernel-change"
version = "0.1.0"
dependencies = [
 "kernel-types",
]

[[package]]
name = "kernel-fixpoint"
version = "0.1.0"
dependencies = [
 "kernel-grounded-closure",
 "kernel-proof",
 "kernel-types",
]

[[package]]
name = "kernel-grounded-closure"
version = "0.1.0"

[[package]]
name = "kernel-identity"
version = "0.1.0"
dependencies = [
 "kernel-types",
]

[[package]]
name = "kernel-lifecycle"
version = "0.1.0"
dependencies = [
 "kernel-identity",
 "kernel-types",
]

[[package]]
name = "kernel-model"
version = "0.1.0"
dependencies = [
 "kernel-identity",
 "kernel-lifecycle",
 "kernel-schema",
 "kernel-types",
]

[[package]]
name = "kernel-proof"
version = "0.1.0"

[[package]]
name = "kernel-query"
version = "0.1.0"
dependencies = [
 "kernel-aggregate",
 "kernel-change",
 "kernel-fixpoint",
 "kernel-model",
 "kernel-schema",
 "kernel-semantic-index",
 "kernel-semantics",
 "kernel-types",
]

[[package]]
name = "kernel-schema"
version = "0.1.0"
dependencies = [
 "kernel-types",
]

[[package]]
name = "kernel-semantic-index"
version = "0.1.0"
dependencies = [
 "kernel-schema",
 "kernel-types",
]

[[package]]
name = "kernel-semantics"
version = "0.1.0"
dependencies = [
 "kernel-grounded-closure",
 "kernel-model",
 "kernel-proof",
 "kernel-schema",
 "kernel-types",
]

[[package]]
name = "kernel-types"
version = "0.1.0"

[[package]]
name = "pass103-stage6-alloc-probe"
version = "0.0.0"
dependencies = [
 "kernel-model",
 "kernel-query",
 "kernel-schema",
 "kernel-semantics",
 "kernel-types",
]
